lockfileVersion: '9.0'

settings:
  autoInstallPeers: true
  excludeLinksFromLockfile: false

importers:

  .:
    dependencies:
      bcryptjs:
        specifier: ^2.4.3
        version: 2.4.3
      clsx:
        specifier: ^2.1.1
        version: 2.1.1
      drizzle-orm:
        specifier: ^0.40.1
        version: 0.40.1(gel@2.2.0)(postgres@3.4.9)
      jose:
        specifier: ^5.9.6
        version: 5.10.0
      next:
        specifier: ^15.3.1
        version: 15.5.15(react-dom@19.2.5(react@19.2.5))(react@19.2.5)(sass@1.97.3)
      postgres:
        specifier: ^3.4.5
        version: 3.4.9
      react:
        specifier: ^19.1.0
        version: 19.2.5
      react-dom:
        specifier: ^19.1.0
        version: 19.2.5(react@19.2.5)
    devDependencies:
      '@tailwindcss/postcss':
        specifier: ^4.1.5
        version: 4.2.4
      '@types/bcryptjs':
        specifier: ^2.4.6
        version: 2.4.6
      '@types/node':
        specifier: ^22.15.3
        version: 22.19.17
      '@types/react':
        specifier: ^19.1.2
        version: 19.2.14
      '@types/react-dom':
        specifier: ^19.1.2
        version: 19.2.3(@types/react@19.2.14)
      drizzle-kit:
        specifier: ^0.30.6
        version: 0.30.6
      tailwindcss:
        specifier: ^4.1.5
        version: 4.2.4
      typescript:
        specifier: ^5.8.3
        version: 5.9.3

packages:

  '@alloc/quick-lru@5.2.0':
    resolution: {integrity: sha1-e/aLIMCjUPk2kV/K4G9Y4yAHzjA=}
    engines: {node: '>=10'}

  '@drizzle-team/brocli@0.10.2':
    resolution: {integrity: sha1-l1fABqQ9qqb0VRLmz1+r7Tb7nac=}

  '@emnapi/runtime@1.10.0':
    resolution: {integrity: sha1-SyYMDTU0IE6YxhELjbGph9JuyHw=}

  '@esbuild-kit/core-utils@3.3.2':
    resolution: {integrity: sha1-GGtlmKUGbwQTRx18TUWCjjmbqWw=}
    deprecated: 'Merged into tsx: https://tsx.is'

  '@esbuild-kit/esm-loader@2.6.5':
    resolution: {integrity: sha1-bu3uRgldfROx78OB4iEe0cYOZOo=}
    deprecated: 'Merged into tsx: https://tsx.is'

  '@esbuild/aix-ppc64@0.19.12':
    resolution: {integrity: sha1-0bwGrttpNrO20xO/gJpaQDh9K38=}
    engines: {node: '>=12'}
    cpu: [ppc64]
    os: [aix]

  '@esbuild/android-arm64@0.18.20':
    resolution: {integrity: sha1-mEtPnI0Dd0Q8wt/O8mbQIkRZNiI=}
    engines: {node: '>=12'}
    cpu: [arm64]
    os: [android]

  '@esbuild/android-arm64@0.19.12':
    resolution: {integrity: sha1-etZaNs/bfg1CnDU+APaA1zfCrtQ=}
    engines: {node: '>=12'}
    cpu: [arm64]
    os: [android]

  '@esbuild/android-arm@0.18.20':
    resolution: {integrity: sha1-/tsmW8OlichMwR+BCATyNJR8NoI=}
    engines: {node: '>=12'}
    cpu: [arm]
    os: [android]

  '@esbuild/android-arm@0.19.12':
    resolution: {integrity: sha1-sMJlNvN3dhYsqL3iXkIEDCA/KCQ=}
    engines: {node: '>=12'}
    cpu: [arm]
    os: [android]

  '@esbuild/android-x64@0.18.20':
    resolution: {integrity: sha1-Nc9BnEz8i6voiT0pbNmQ6en3VvI=}
    engines: {node: '>=12'}
    cpu: [x64]
    os: [android]

  '@esbuild/android-x64@0.19.12':
    resolution: {integrity: sha1-yxPiIRKCASGU2Jvzv+dyEnNHOz0=}
    engines: {node: '>=12'}
    cpu: [x64]
    os: [android]

  '@esbuild/darwin-arm64@0.18.20':
    resolution: {integrity: sha1-CBcsvsz5X7w4M5mn85z73a6w18E=}
    engines: {node: '>=12'}
    cpu: [arm64]
    os: [darwin]

  '@esbuild/darwin-arm64@0.19.12':
    resolution: {integrity: sha1-y+5B6YgCDUtRbp2eRN0pIAmWJ14=}
    engines: {node: '>=12'}
    cpu: [arm64]
    os: [darwin]

  '@esbuild/darwin-x64@0.18.20':
    resolution: {integrity: sha1-1w1XkNi/R1VWtn0Pi3xb3/BT2F0=}
    engines: {node: '>=12'}
    cpu: [x64]
    os: [darwin]

  '@esbuild/darwin-x64@0.19.12':
    resolution: {integrity: sha1-432WMyRtUq7PSR7pFuznCfnV9M0=}
    engines: {node: '>=12'}
    cpu: [x64]
    os: [darwin]

  '@esbuild/freebsd-arm64@0.18.20':
    resolution: {integrity: sha1-mHVc0ScH+T8hDiSU1qS1G5aXf1Q=}
    engines: {node: '>=12'}
    cpu: [arm64]
    os: [freebsd]

  '@esbuild/freebsd-arm64@0.19.12':
    resolution: {integrity: sha1-HuTYtoLtNjsIr3TR6isrTbunZIc=}
    engines: {node: '>=12'}
    cpu: [arm64]
    os: [freebsd]

  '@esbuild/freebsd-x64@0.18.20':
    resolution: {integrity: sha1-wesr/wORX4fCnOzkwaf6H0I7Bm4=}
    engines: {node: '>=12'}
    cpu: [x64]
    os: [freebsd]

  '@esbuild/freebsd-x64@0.19.12':
    resolution: {integrity: sha1-N6aTVT1C/3fNcSZ2S1NftswooRw=}
    engines: {node: '>=12'}
    cpu: [x64]
    os: [freebsd]

  '@esbuild/linux-arm64@0.18.20':
    resolution: {integrity: sha1-utQji9j0/CW1oCEoDHcKtfw6AqA=}
    engines: {node: '>=12'}
    cpu: [arm64]
    os: [linux]

  '@esbuild/linux-arm64@0.19.12':
    resolution: {integrity: sha1-vpsUWYXsbFdHDg4FHYh7Cd3bLUs=}
    engines: {node: '>=12'}
    cpu: [arm64]
    os: [linux]

  '@esbuild/linux-arm@0.18.20':
    resolution: {integrity: sha1-PmF8YfM1CKJxUO5BdUPIq1rMc7A=}
    engines: {node: '>=12'}
    cpu: [arm]
    os: [linux]

  '@esbuild/linux-arm@0.19.12':
    resolution: {integrity: sha1-IH7NmCqNuV97UnkgfQ/yMxrPXu8=}
    engines: {node: '>=12'}
    cpu: [arm]
    os: [linux]

  '@esbuild/linux-ia32@0.18.20':
    resolution: {integrity: sha1-aZORzMupruYBm3+YkuuZIZ8VcKc=}
    engines: {node: '>=12'}
    cpu: [ia32]
    os: [linux]

  '@esbuild/linux-ia32@0.19.12':
    resolution: {integrity: sha1-0NhrXKFWJSPcKEpnIyk6UtWGBgE=}
    engines: {node: '>=12'}
    cpu: [ia32]
    os: [linux]

  '@esbuild/linux-loong64@0.18.20':
    resolution: {integrity: sha1-5vzLeqwXjdL/uYYEZayJ1/I7l30=}
    engines: {node: '>=12'}
    cpu: [loong64]
    os: [linux]

  '@esbuild/linux-loong64@0.19.12':
    resolution: {integrity: sha1-mjf4f+xLhAjmgrUoOR+iKv2VIpk=}
    engines: {node: '>=12'}
    cpu: [loong64]
    os: [linux]

  '@esbuild/linux-mips64el@0.18.20':
    resolution: {integrity: sha1-7v86k33pwjEN4wYiqVetG9kYMjE=}
    engines: {node: '>=12'}
    cpu: [mips64el]
    os: [linux]

  '@esbuild/linux-mips64el@0.19.12':
    resolution: {integrity: sha1-Td69Tm7rogtQnY50yOMNis4Liew=}
    engines: {node: '>=12'}
    cpu: [mips64el]
    os: [linux]

  '@esbuild/linux-ppc64@0.18.20':
    resolution: {integrity: sha1-L3FWveILAVJ5k+aIFDWtebqVmfs=}
    engines: {node: '>=12'}
    cpu: [ppc64]
    os: [linux]

  '@esbuild/linux-ppc64@0.19.12':
    resolution: {integrity: sha1-rbZ9rbc2VoSfY81SL17LNR3Y3ug=}
    engines: {node: '>=12'}
    cpu: [ppc64]
    os: [linux]

  '@esbuild/linux-riscv64@0.18.20':
    resolution: {integrity: sha1-Zig4nyEBI9i0dDBFr4yqfU3fx6Y=}
    engines: {node: '>=12'}
    cpu: [riscv64]
    os: [linux]

  '@esbuild/linux-riscv64@0.19.12':
    resolution: {integrity: sha1-EbwGmL8KKr+HJ/HHrOIRJhLBWt8=}
    engines: {node: '>=12'}
    cpu: [riscv64]
    os: [linux]

  '@esbuild/linux-s390x@0.18.20':
    resolution: {integrity: sha1-JV6B+yibEBAmExhYq5n7pj3PAHE=}
    engines: {node: '>=12'}
    cpu: [s390x]
    os: [linux]

  '@esbuild/linux-s390x@0.19.12':
    resolution: {integrity: sha1-6G+4/7p8XJK6kfw7J+1acBlsPMg=}
    engines: {node: '>=12'}
    cpu: [s390x]
    os: [linux]

  '@esbuild/linux-x64@0.18.20':
    resolution: {integrity: sha1-x2kLNBevMYqbb5bfMDGohlF20zg=}
    engines: {node: '>=12'}
    cpu: [x64]
    os: [linux]

  '@esbuild/linux-x64@0.19.12':
    resolution: {integrity: sha1-XzfP3HBa6mh9/l377AhqBaz+nHg=}
    engines: {node: '>=12'}
    cpu: [x64]
    os: [linux]

  '@esbuild/netbsd-x64@0.18.20':
    resolution: {integrity: sha1-MOjNij3e1jl14t8kOMoQlgHr4NE=}
    engines: {node: '>=12'}
    cpu: [x64]
    os: [netbsd]

  '@esbuild/netbsd-x64@0.19.12':
    resolution: {integrity: sha1-KdpWanUyTg0N1+R1GbovfvFoZXs=}
    engines: {node: '>=12'}
    cpu: [x64]
    os: [netbsd]

  '@esbuild/openbsd-x64@0.18.20':
    resolution: {integrity: sha1-eBKvMbIFBVh0yAguqc+asNpiF64=}
    engines: {node: '>=12'}
    cpu: [x64]
    os: [openbsd]

  '@esbuild/openbsd-x64@0.19.12':
    resolution: {integrity: sha1-MGwKy9tamclb6YvdHUfJFufcP/A=}
    engines: {node: '>=12'}
    cpu: [x64]
    os: [openbsd]

  '@esbuild/sunos-x64@0.18.20':
    resolution: {integrity: sha1-1cJ1w7TnPJsOzTjRymLAIPiHq50=}
    engines: {node: '>=12'}
    cpu: [x64]
    os: [sunos]

  '@esbuild/sunos-x64@0.19.12':
    resolution: {integrity: sha1-CTPqq5r4ubLJMCNvYqrj/Fk/rzA=}
    engines: {node: '>=12'}
    cpu: [x64]
    os: [sunos]

  '@esbuild/win32-arm64@0.18.20':
    resolution: {integrity: sha1-c7x/Wp+Kd4BfNX+rl/KQ0OSCCsk=}
    engines: {node: '>=12'}
    cpu: [arm64]
    os: [win32]

  '@esbuild/win32-arm64@0.19.12':
    resolution: {integrity: sha1-dzvbqhlxs22y9lYAiGOczR5nc64=}
    engines: {node: '>=12'}
    cpu: [arm64]
    os: [win32]

  '@esbuild/win32-ia32@0.18.20':
    resolution: {integrity: sha1-7JPL8O8QhcwS5x4NZh0gVp/0IQI=}
    engines: {node: '>=12'}
    cpu: [ia32]
    os: [win32]

  '@esbuild/win32-ia32@0.19.12':
    resolution: {integrity: sha1-AAUWytBjVMyEpz8JQ6SqaQ72/Wc=}
    engines: {node: '>=12'}
    cpu: [ia32]
    os: [win32]

  '@esbuild/win32-x64@0.18.20':
    resolution: {integrity: sha1-eGxfQfBDsHr7GvN2g9fDNmiFj20=}
    engines: {node: '>=12'}
    cpu: [x64]
    os: [win32]

  '@esbuild/win32-x64@0.19.12':
    resolution: {integrity: sha1-xXyK+7QFSjq4MXWRoLcyA2C0RK4=}
    engines: {node: '>=12'}
    cpu: [x64]
    os: [win32]

  '@img/colour@1.1.0':
    resolution: {integrity: sha1-sMLC+mYa33Xv/WtJZEl82AAQu50=}
    engines: {node: '>=18'}

  '@img/sharp-darwin-arm64@0.34.5':
    resolution: {integrity: sha1-bgcy3K3hJrZnCveqFwYLkmg16oY=}
    engines: {node: ^18.17.0 || ^20.3.0 || >=21.0.0}
    cpu: [arm64]
    os: [darwin]

  '@img/sharp-darwin-x64@0.34.5':
    resolution: {integrity: sha1-Gbwd1uum1alig0mLnJ9AEYDunHs=}
    engines: {node: ^18.17.0 || ^20.3.0 || >=21.0.0}
    cpu: [x64]
    os: [darwin]

  '@img/sharp-libvips-darwin-arm64@1.2.4':
    resolution: {integrity: sha1-KJTAy4fUInbDiJlC6OLbUXpJLEM=}
    cpu: [arm64]
    os: [darwin]

  '@img/sharp-libvips-darwin-x64@1.2.4':
    resolution: {integrity: sha1-5jaB9FOalK+c0XJG7YiBc0OG+Mw=}
    cpu: [x64]
    os: [darwin]

  '@img/sharp-libvips-linux-arm64@1.2.4':
    resolution: {integrity: sha1-sbKIs2hks7zlRa2R+m2tzxpK0xg=}
    cpu: [arm64]
    os: [linux]
    libc: [glibc]

  '@img/sharp-libvips-linux-arm@1.2.4':
    resolution: {integrity: sha1-uSYN0evm+eO9vL3KydKsEl81hS0=}
    cpu: [arm]
    os: [linux]
    libc: [glibc]

  '@img/sharp-libvips-linux-ppc64@1.2.4':
    resolution: {integrity: sha1-S4Ps8qgpBXIis4hIx7Ai57TQeqc=}
    cpu: [ppc64]
    os: [linux]
    libc: [glibc]

  '@img/sharp-libvips-linux-riscv64@1.2.4':
    resolution: {integrity: sha1-iAtGeACeWiCArxkjMrALCq+KSN4=}
    cpu: [riscv64]
    os: [linux]
    libc: [glibc]

  '@img/sharp-libvips-linux-s390x@1.2.4':
    resolution: {integrity: sha1-dPNDyOEPrYIbOPdc7TBIiTncWew=}
    cpu: [s390x]
    os: [linux]
    libc: [glibc]

  '@img/sharp-libvips-linux-x64@1.2.4':
    resolution: {integrity: sha1-30GD6L2EEPfWG2aFmjXt6rClMc4=}
    cpu: [x64]
    os: [linux]
    libc: [glibc]

  '@img/sharp-libvips-linuxmusl-arm64@1.2.4':
    resolution: {integrity: sha1-yNa0ghHfZxN1QQB+6NG3sfjKjgY=}
    cpu: [arm64]
    os: [linux]
    libc: [musl]

  '@img/sharp-libvips-linuxmusl-x64@1.2.4':
    resolution: {integrity: sha1-vhHHW+5bCAy+4xoVOod5RI+Rn3U=}
    cpu: [x64]
    os: [linux]
    libc: [musl]

  '@img/sharp-linux-arm64@0.34.5':
    resolution: {integrity: sha1-eqd2TvnAAfFeYQVG1C/OVpEXkMw=}
    engines: {node: ^18.17.0 || ^20.3.0 || >=21.0.0}
    cpu: [arm64]
    os: [linux]
    libc: [glibc]

  '@img/sharp-linux-arm@0.34.5':
    resolution: {integrity: sha1-X7DDaV3RJSLTnD/3pryBZGF4Cg0=}
    engines: {node: ^18.17.0 || ^20.3.0 || >=21.0.0}
    cpu: [arm]
    os: [linux]
    libc: [glibc]

  '@img/sharp-linux-ppc64@0.34.5':
    resolution: {integrity: sha1-nCE6gVIKIMr2aXjz1MB0Vv8uCBM=}
    engines: {node: ^18.17.0 || ^20.3.0 || >=21.0.0}
    cpu: [ppc64]
    os: [linux]
    libc: [glibc]

  '@img/sharp-linux-riscv64@0.34.5':
    resolution: {integrity: sha1-zdKBgndOrb4E9iZ1oWqrvMuDP2A=}
    engines: {node: ^18.17.0 || ^20.3.0 || >=21.0.0}
    cpu: [riscv64]
    os: [linux]
    libc: [glibc]

  '@img/sharp-linux-s390x@0.34.5':
    resolution: {integrity: sha1-k+rGAbnzKbsnkX4OGQmMci1jDfc=}
    engines: {node: ^18.17.0 || ^20.3.0 || >=21.0.0}
    cpu: [s390x]
    os: [linux]
    libc: [glibc]

  '@img/sharp-linux-x64@0.34.5':
    resolution: {integrity: sha1-VavHzXVP/KUAK2wrcZq9/IRoGag=}
    engines: {node: ^18.17.0 || ^20.3.0 || >=21.0.0}
    cpu: [x64]
    os: [linux]
    libc: [glibc]

  '@img/sharp-linuxmusl-arm64@0.34.5':
    resolution: {integrity: sha1-1lFe6XG7YvcwAaSCm52GWhG3cIY=}
    engines: {node: ^18.17.0 || ^20.3.0 || >=21.0.0}
    cpu: [arm64]
    os: [linux]
    libc: [musl]

  '@img/sharp-linuxmusl-x64@0.34.5':
    resolution: {integrity: sha1-2Xl4rsfFIS+ZlxTy9bc2RX4S7p8=}
    engines: {node: ^18.17.0 || ^20.3.0 || >=21.0.0}
    cpu: [x64]
    os: [linux]
    libc: [musl]

  '@img/sharp-wasm32@0.34.5':
    resolution: {integrity: sha1-LxWAOqYm+MWd18nQu8dm8atSz6A=}
    engines: {node: ^18.17.0 || ^20.3.0 || >=21.0.0}
    cpu: [wasm32]

  '@img/sharp-win32-arm64@0.34.5':
    resolution: {integrity: sha1-Nwbp46w1/d/ByH+U6Enxt1MHzgo=}
    engines: {node: ^18.17.0 || ^20.3.0 || >=21.0.0}
    cpu: [arm64]
    os: [win32]

  '@img/sharp-win32-ia32@0.34.5':
    resolution: {integrity: sha1-C3EWZZmwSeAy8IX7kmPgL05HiN4=}
    engines: {node: ^18.17.0 || ^20.3.0 || >=21.0.0}
    cpu: [ia32]
    os: [win32]

  '@img/sharp-win32-x64@0.34.5':
    resolution: {integrity: sha1-qB/7AOaSZ80KHWJurtuKhDCysvg=}
    engines: {node: ^18.17.0 || ^20.3.0 || >=21.0.0}
    cpu: [x64]
    os: [win32]

  '@jridgewell/gen-mapping@0.3.13':
    resolution: {integrity: sha1-Y0Khn0Q0dRjJPkOxrGnes8Rlah8=}

  '@jridgewell/remapping@2.3.5':
    resolution: {integrity: sha1-N1xHbRlylHhRuh4Vro8SMEdEWqE=}

  '@jridgewell/resolve-uri@3.1.2':
    resolution: {integrity: sha1-eg7mAfYPmaIMfHxf8MgDiMEYm9Y=}
    engines: {node: '>=6.0.0'}

  '@jridgewell/sourcemap-codec@1.5.5':
    resolution: {integrity: sha1-aRKwDSxjHA0Vzhp6tXzWV/Ko+Lo=}

  '@jridgewell/trace-mapping@0.3.31':
    resolution: {integrity: sha1-2xXWeByTHzolGj2sOVAcmKYIL9A=}

  '@next/env@15.5.15':
    resolution: {integrity: sha1-JLKblIUtpS3Y4Q8+oDgqPduHM6Y=}

  '@next/swc-darwin-arm64@15.5.15':
    resolution: {integrity: sha1-yN4JhbIbaRTBcJfVSNv5uV4SvFc=}
    engines: {node: '>= 10'}
    cpu: [arm64]
    os: [darwin]

  '@next/swc-darwin-x64@15.5.15':
    resolution: {integrity: sha1-4jeix5kecpqLUFHgGbPqHqFqkHE=}
    engines: {node: '>= 10'}
    cpu: [x64]
    os: [darwin]

  '@next/swc-linux-arm64-gnu@15.5.15':
    resolution: {integrity: sha1-2eUoROxVhcdewj6eubKhtKs3eAw=}
    engines: {node: '>= 10'}
    cpu: [arm64]
    os: [linux]
    libc: [glibc]

  '@next/swc-linux-arm64-musl@15.5.15':
    resolution: {integrity: sha1-T3J2acAHC6/IrOhoZgDEm51N53c=}
    engines: {node: '>= 10'}
    cpu: [arm64]
    os: [linux]
    libc: [musl]

  '@next/swc-linux-x64-gnu@15.5.15':
    resolution: {integrity: sha1-JUNSM8r5u2Djvj5ykfDC57lCTk4=}
    engines: {node: '>= 10'}
    cpu: [x64]
    os: [linux]
    libc: [glibc]

  '@next/swc-linux-x64-musl@15.5.15':
    resolution: {integrity: sha1-lR2rnpZ5Nly+tt2I08d+hApMFK4=}
    engines: {node: '>= 10'}
    cpu: [x64]
    os: [linux]
    libc: [musl]

  '@next/swc-win32-arm64-msvc@15.5.15':
    resolution: {integrity: sha1-NtTG3wrBlKXTzC5/FsYqWzGrBnE=}
    engines: {node: '>= 10'}
    cpu: [arm64]
    os: [win32]

  '@next/swc-win32-x64-msvc@15.5.15':
    resolution: {integrity: sha1-0q07lQbHYe0HKXrK6wD7LGlMQfg=}
    engines: {node: '>= 10'}
    cpu: [x64]
    os: [win32]

  '@parcel/watcher-android-arm64@2.5.6':
    resolution: {integrity: sha1-XzLg26NW9KyaEQaNKlwTTKO6ZWQ=}
    engines: {node: '>= 10.0.0'}
    cpu: [arm64]
    os: [android]

  '@parcel/watcher-darwin-arm64@2.5.6':
    resolution: {integrity: sha1-iNPnILWbHs7/zpjaxG18QOi+Xo4=}
    engines: {node: '>= 10.0.0'}
    cpu: [arm64]
    os: [darwin]

  '@parcel/watcher-darwin-x64@2.5.6':
    resolution: {integrity: sha1-vwXXani8FZdPFew2cYSGmLCDgGM=}
    engines: {node: '>= 10.0.0'}
    cpu: [x64]
    os: [darwin]

  '@parcel/watcher-freebsd-x64@2.5.6':
    resolution: {integrity: sha1-i8JumEjnMDrIKSKlrhse8b20ilM=}
    engines: {node: '>= 10.0.0'}
    cpu: [x64]
    os: [freebsd]

  '@parcel/watcher-linux-arm-glibc@2.5.6':
    resolution: {integrity: sha1-Eyj+4d6wwteGUHnvU6K6TML4tAo=}
    engines: {node: '>= 10.0.0'}
    cpu: [arm]
    os: [linux]
    libc: [glibc]

  '@parcel/watcher-linux-arm-musl@2.5.6':
    resolution: {integrity: sha1-utD0XLPiFXdG24udIttqElcR8VI=}
    engines: {node: '>= 10.0.0'}
    cpu: [arm]
    os: [linux]
    libc: [musl]

  '@parcel/watcher-linux-arm64-glibc@2.5.6':
    resolution: {integrity: sha1-t1kT+9UB2VI8XzXUIJV799AgSAk=}
    engines: {node: '>= 10.0.0'}
    cpu: [arm64]
    os: [linux]
    libc: [glibc]

  '@parcel/watcher-linux-arm64-musl@2.5.6':
    resolution: {integrity: sha1-2lYhpqV2BwyMDeYN6otG3Jw4J9Q=}
    engines: {node: '>= 10.0.0'}
    cpu: [arm64]
    os: [linux]
    libc: [musl]

  '@parcel/watcher-linux-x64-glibc@2.5.6':
    resolution: {integrity: sha1-zkN6zNxLMPk6CQtKIh/ZXNm4ljk=}
    engines: {node: '>= 10.0.0'}
    cpu: [x64]
    os: [linux]
    libc: [glibc]

  '@parcel/watcher-linux-x64-musl@2.5.6':
    resolution: {integrity: sha1-AkAMVLSmfvzH4jJ7JJcRkgrJaeI=}
    engines: {node: '>= 10.0.0'}
    cpu: [x64]
    os: [linux]
    libc: [musl]

  '@parcel/watcher-win32-arm64@2.5.6':
    resolution: {integrity: sha1-yq49PHWDygpxcea9FCw00g6haR4=}
    engines: {node: '>= 10.0.0'}
    cpu: [arm64]
    os: [win32]

  '@parcel/watcher-win32-ia32@2.5.6':
    resolution: {integrity: sha1-mskiVQiW3+R7/Frjvk8byvgVXW0=}
    engines: {node: '>= 10.0.0'}
    cpu: [ia32]
    os: [win32]

  '@parcel/watcher-win32-x64@2.5.6':
    resolution: {integrity: sha1-c/2vui4hxEjw5Fa74TF42P4Rc50=}
    engines: {node: '>= 10.0.0'}
    cpu: [x64]
    os: [win32]

  '@parcel/watcher@2.5.6':
    resolution: {integrity: sha1-P5MoKMiU8G0K2c/vreF1bsxu8fE=}
    engines: {node: '>= 10.0.0'}

  '@petamoriken/float16@3.9.3':
    resolution: {integrity: sha1-hKzvSBbbfkwv4cToz5Ary8BECsM=}

  '@swc/helpers@0.5.15':
    resolution: {integrity: sha1-ee+rNExYGez4OkPz+fgR/IS1Ftc=}

  '@tailwindcss/node@4.2.4':
    resolution: {integrity: sha1-H3/AwXQQN97R+pL75ip4ahl3cc4=}

  '@tailwindcss/oxide-android-arm64@4.2.4':
    resolution: {integrity: sha1-1TPlLumNWPVdHUdTd0JRUTuoqRE=}
    engines: {node: '>= 20'}
    cpu: [arm64]
    os: [android]

  '@tailwindcss/oxide-darwin-arm64@4.2.4':
    resolution: {integrity: sha1-KmJQqn2HkfwbV5fmTgnlHaV1FKY=}
    engines: {node: '>= 20'}
    cpu: [arm64]
    os: [darwin]

  '@tailwindcss/oxide-darwin-x64@4.2.4':
    resolution: {integrity: sha1-1kcpmBKUa2q1FAxhozTI68jYd94=}
    engines: {node: '>= 20'}
    cpu: [x64]
    os: [darwin]

  '@tailwindcss/oxide-freebsd-x64@4.2.4':
    resolution: {integrity: sha1-AZt/zjeq9d3+0PIxxTYQgpLof/s=}
    engines: {node: '>= 20'}
    cpu: [x64]
    os: [freebsd]

  '@tailwindcss/oxide-linux-arm-gnueabihf@4.2.4':
    resolution: {integrity: sha1-yIqV1pCV6E+BGzAtqmb1KHrYzg8=}
    engines: {node: '>= 20'}
    cpu: [arm]
    os: [linux]

  '@tailwindcss/oxide-linux-arm64-gnu@4.2.4':
    resolution: {integrity: sha1-EpLxwiKZS/5KXpkKwKcB3mSH3QI=}
    engines: {node: '>= 20'}
    cpu: [arm64]
    os: [linux]
    libc: [glibc]

  '@tailwindcss/oxide-linux-arm64-musl@4.2.4':
    resolution: {integrity: sha1-r7ZJKyJhbw2dM0bTnBpuKF+ZSgg=}
    engines: {node: '>= 20'}
    cpu: [arm64]
    os: [linux]
    libc: [musl]

  '@tailwindcss/oxide-linux-x64-gnu@4.2.4':
    resolution: {integrity: sha1-QAsMz8U5N8eATtjg6WUrQr2G8us=}
    engines: {node: '>= 20'}
    cpu: [x64]
    os: [linux]
    libc: [glibc]

  '@tailwindcss/oxide-linux-x64-musl@4.2.4':
    resolution: {integrity: sha1-XCPEduXeTtnNarOcJxi5pL4ruys=}
    engines: {node: '>= 20'}
    cpu: [x64]
    os: [linux]
    libc: [musl]

  '@tailwindcss/oxide-wasm32-wasi@4.2.4':
    resolution: {integrity: sha1-Ibf1O6fGwD8mzLjO9dCfXClzrl4=}
    engines: {node: '>=14.0.0'}
    cpu: [wasm32]
    bundledDependencies:
      - '@napi-rs/wasm-runtime'
      - '@emnapi/core'
      - '@emnapi/runtime'
      - '@tybys/wasm-util'
      - '@emnapi/wasi-threads'
      - tslib

  '@tailwindcss/oxide-win32-arm64-msvc@4.2.4':
    resolution: {integrity: sha1-E7wc84GOM0WpZdNrQMI3gXEk0HA=}
    engines: {node: '>= 20'}
    cpu: [arm64]
    os: [win32]

  '@tailwindcss/oxide-win32-x64-msvc@4.2.4':
    resolution: {integrity: sha1-VHbbu/a4k01YRSNAzsc3/apeyMY=}
    engines: {node: '>= 20'}
    cpu: [x64]
    os: [win32]

  '@tailwindcss/oxide@4.2.4':
    resolution: {integrity: sha1-4spR0E6K2U1WkiL6cn3kebCX2zk=}
    engines: {node: '>= 20'}

  '@tailwindcss/postcss@4.2.4':
    resolution: {integrity: sha1-VI7QdYSkFBFXTosexfFUPQnEOaQ=}

  '@types/bcryptjs@2.4.6':
    resolution: {integrity: sha1-K5LjwhIcZuujkB5k+vi7ki7Ckfo=}

  '@types/node@22.19.17':
    resolution: {integrity: sha1-Cccfs0uiUQ+KyGU2Gx/LlVK4pYE=}

  '@types/react-dom@19.2.3':
    resolution: {integrity: sha1-weMF0VpSo+UI1U3Kdw0gLLY6vyw=}
    peerDependencies:
      '@types/react': ^19.2.0

  '@types/react@19.2.14':
    resolution: {integrity: sha1-OWBJKbXjlX46b6AAHa+xfHr3C60=}

  bcryptjs@2.4.3:
    resolution: {integrity: sha1-mrVie5PmBiH/fNrF2pczAn3x0Ms=}

  buffer-from@1.1.2:
    resolution: {integrity: sha1-KxRqb9cugLT1XSVfNe1Zo6mkG9U=}

  caniuse-lite@1.0.30001791:
    resolution: {integrity: sha1-37k9hcQK04DFcSPnLhDzxXV4a1E=}

  chokidar@4.0.3:
    resolution: {integrity: sha1-e+N6TAPJruHs/oYqSiOyxwwgXTA=}
    engines: {node: '>= 14.16.0'}

  client-only@0.0.1:
    resolution: {integrity: sha1-OLul1APEGrFQv/ZKlchQE89zvKE=}

  clsx@2.1.1:
    resolution: {integrity: sha1-7tOXyf2L2IK/sY3qtxAgSaLzKZk=}
    engines: {node: '>=6'}

  csstype@3.2.3:
    resolution: {integrity: sha1-7EjA8+mT5QZIyG2lWeJhCZXPmJo=}

  debug@4.4.3:
    resolution: {integrity: sha1-xq5DLZvZZiWC/OCHCbA4xY6ePWo=}
    engines: {node: '>=6.0'}
    peerDependencies:
      supports-color: '*'
    peerDependenciesMeta:
      supports-color:
        optional: true

  detect-libc@2.1.2:
    resolution: {integrity: sha1-aJxdzcGQDvVYOky59te0c3QgdK0=}
    engines: {node: '>=8'}

  drizzle-kit@0.30.6:
    resolution: {integrity: sha1-5qG8V8+/nxDtRnl0qSPiNsT2izE=}
    hasBin: true

  drizzle-orm@0.40.1:
    resolution: {integrity: sha1-FfHZcNT7A02ysT5KM/y7zNqb8cs=}
    peerDependencies:
      '@aws-sdk/client-rds-data': '>=3'
      '@cloudflare/workers-types': '>=4'
      '@electric-sql/pglite': '>=0.2.0'
      '@libsql/client': '>=0.10.0'
      '@libsql/client-wasm': '>=0.10.0'
      '@neondatabase/serverless': '>=0.10.0'
      '@op-engineering/op-sqlite': '>=2'
      '@opentelemetry/api': ^1.4.1
      '@planetscale/database': '>=1'
      '@prisma/client': '*'
      '@tidbcloud/serverless': '*'
      '@types/better-sqlite3': '*'
      '@types/pg': '*'
      '@types/sql.js': '*'
      '@vercel/postgres': '>=0.8.0'
      '@xata.io/client': '*'
      better-sqlite3: '>=7'
      bun-types: '*'
      expo-sqlite: '>=14.0.0'
      gel: '>=2'
      knex: '*'
      kysely: '*'
      mysql2: '>=2'
      pg: '>=8'
      postgres: '>=3'
      prisma: '*'
      sql.js: '>=1'
      sqlite3: '>=5'
    peerDependenciesMeta:
      '@aws-sdk/client-rds-data':
        optional: true
      '@cloudflare/workers-types':
        optional: true
      '@electric-sql/pglite':
        optional: true
      '@libsql/client':
        optional: true
      '@libsql/client-wasm':
        optional: true
      '@neondatabase/serverless':
        optional: true
      '@op-engineering/op-sqlite':
        optional: true
      '@opentelemetry/api':
        optional: true
      '@planetscale/database':
        optional: true
      '@prisma/client':
        optional: true
      '@tidbcloud/serverless':
        optional: true
      '@types/better-sqlite3':
        optional: true
      '@types/pg':
        optional: true
      '@types/sql.js':
        optional: true
      '@vercel/postgres':
        optional: true
      '@xata.io/client':
        optional: true
      better-sqlite3:
        optional: true
      bun-types:
        optional: true
      expo-sqlite:
        optional: true
      gel:
        optional: true
      knex:
        optional: true
      kysely:
        optional: true
      mysql2:
        optional: true
      pg:
        optional: true
      postgres:
        optional: true
      prisma:
        optional: true
      sql.js:
        optional: true
      sqlite3:
        optional: true

  enhanced-resolve@5.21.0:
    resolution: {integrity: sha1-u45vq690kw3nDmE5d5h1BCnlsa4=}
    engines: {node: '>=10.13.0'}

  env-paths@3.0.0:
    resolution: {integrity: sha1-Lx6Jwvbb00COGxcR3YLWLjF/WNo=}
    engines: {node: ^12.20.0 || ^14.13.1 || >=16.0.0}

  esbuild-register@3.6.0:
    resolution: {integrity: sha1-zycM+md7rrvAAQrAJLgjy/cjo20=}
    peerDependencies:
      esbuild: '>=0.12 <1'

  esbuild@0.18.20:
    resolution: {integrity: sha1-Rwn1o0gBtDt5mrfW2C9yhKm3p6Y=}
    engines: {node: '>=12'}
    hasBin: true

  esbuild@0.19.12:
    resolution: {integrity: sha1-3ILuXceegvWlw7QyOipkGCfbPgQ=}
    engines: {node: '>=12'}
    hasBin: true

  gel@2.2.0:
    resolution: {integrity: sha1-sgCvVFYOY1ujVcvlTSCWlS1+ItY=}
    engines: {node: '>= 18.0.0'}
    hasBin: true

  get-tsconfig@4.14.0:
    resolution: {integrity: sha1-mF2FxSqZA4ZCgMzCRI1BP78e/tg=}

  graceful-fs@4.2.11:
    resolution: {integrity: sha1-QYPk6L8Iu24Fu7L30uDI9xLKQOM=}

  immutable@5.1.5:
    resolution: {integrity: sha1-k+5NtcKpq0Kkp4MGnzxdiEfUAWU=}

  is-extglob@2.1.1:
    resolution: {integrity: sha1-qIwCU1eR8C7TfHahueqXc8gz+MI=}
    engines: {node: '>=0.10.0'}

  is-glob@4.0.3:
    resolution: {integrity: sha1-ZPYeQsu7LuwgcanawLKLoeZdUIQ=}
    engines: {node: '>=0.10.0'}

  isexe@3.1.5:
    resolution: {integrity: sha1-QuNo9o1eENrf7k/ae1ULwtiJLck=}
    engines: {node: '>=18'}

  jiti@2.6.1:
    resolution: {integrity: sha1-F47y/JoaWUJIwgYnzYIBh6TXjZI=}
    hasBin: true

  jose@5.10.0:
    resolution: {integrity: sha1-w3NGoJnWRnxAE1GpoMIWHg9SxL4=}

  lightningcss-android-arm64@1.32.0:
    resolution: {integrity: sha1-8DOIURbf79nG9UeHUj41FLYeGWg=}
    engines: {node: '>= 12.0.0'}
    cpu: [arm64]
    os: [android]

  lightningcss-darwin-arm64@1.32.0:
    resolution: {integrity: sha1-ULcYcbAcgZlYS2SeKSVH+up6+bU=}
    engines: {node: '>= 12.0.0'}
    cpu: [arm64]
    os: [darwin]

  lightningcss-darwin-x64@1.32.0:
    resolution: {integrity: sha1-NfPpczLRMLnKGB4RtWje1q68bV4=}
    engines: {node: '>= 12.0.0'}
    cpu: [x64]
    os: [darwin]

  lightningcss-freebsd-x64@1.32.0:
    resolution: {integrity: sha1-l3enZHK2Ttb/lDQq1kx7r9eUpXU=}
    engines: {node: '>= 12.0.0'}
    cpu: [x64]
    os: [freebsd]

  lightningcss-linux-arm-gnueabihf@1.32.0:
    resolution: {integrity: sha1-E65lLhq3O5E117faFy9mbEEK1T0=}
    engines: {node: '>= 12.0.0'}
    cpu: [arm]
    os: [linux]

  lightningcss-linux-arm64-gnu@1.32.0:
    resolution: {integrity: sha1-QXhYeVqUWS9oASOhsfnaig4e8zU=}
    engines: {node: '>= 12.0.0'}
    cpu: [arm64]
    os: [linux]
    libc: [glibc]

  lightningcss-linux-arm64-musl@1.32.0:
    resolution: {integrity: sha1-a+NmkugQtxgECAL9gJYjz/5zITM=}
    engines: {node: '>= 12.0.0'}
    cpu: [arm64]
    os: [linux]
    libc: [musl]

  lightningcss-linux-x64-gnu@1.32.0:
    resolution: {integrity: sha1-C3gDr06yHP043Tn+Kru1PH3QkfY=}
    engines: {node: '>= 12.0.0'}
    cpu: [x64]
    os: [linux]
    libc: [glibc]

  lightningcss-linux-x64-musl@1.32.0:
    resolution: {integrity: sha1-iNyLqGXd3bGsXvBLDxYYBEGMFjs=}
    engines: {node: '>= 12.0.0'}
    cpu: [x64]
    os: [linux]
    libc: [musl]

  lightningcss-win32-arm64-msvc@1.32.0:
    resolution: {integrity: sha1-TzC6P6XpJfW3n5RejMDRdsOxqzg=}
    engines: {node: '>= 12.0.0'}
    cpu: [arm64]
    os: [win32]

  lightningcss-win32-x64-msvc@1.32.0:
    resolution: {integrity: sha1-FBqlYFZFBkkokCu0rwRfp9n0Igo=}
    engines: {node: '>= 12.0.0'}
    cpu: [x64]
    os: [win32]

  lightningcss@1.32.0:
    resolution: {integrity: sha1-uFqulkhtyxv0mnyFcSISc/Tx5Kk=}
    engines: {node: '>= 12.0.0'}

  magic-string@0.30.21:
    resolution: {integrity: sha1-VnY+wJoPqAkd8nh5/ZTRkHjADZE=}

  ms@2.1.3:
    resolution: {integrity: sha1-V0yBOM4dK1hh8LRFedut1gxmFbI=}

  nanoid@3.3.11:
    resolution: {integrity: sha1-T08RLO++MDIC8hmYOBKJNiZtGFs=}
    engines: {node: ^10 || ^12 || ^13.7 || ^14 || >=15.0.1}
    hasBin: true

  next@15.5.15:
    resolution: {integrity: sha1-slpZojK9mSqD2gRfoonugDwjyDY=}
    engines: {node: ^18.18.0 || ^19.8.0 || >= 20.0.0}
    hasBin: true
    peerDependencies:
      '@opentelemetry/api': ^1.1.0
      '@playwright/test': ^1.51.1
      babel-plugin-react-compiler: '*'
      react: ^18.2.0 || 19.0.0-rc-de68d2f4-20241204 || ^19.0.0
      react-dom: ^18.2.0 || 19.0.0-rc-de68d2f4-20241204 || ^19.0.0
      sass: ^1.3.0
    peerDependenciesMeta:
      '@opentelemetry/api':
        optional: true
      '@playwright/test':
        optional: true
      babel-plugin-react-compiler:
        optional: true
      sass:
        optional: true

  node-addon-api@7.1.1:
    resolution: {integrity: sha1-Grpmk7DyVSWKBJ1iEykykyKq1Vg=}

  picocolors@1.1.1:
    resolution: {integrity: sha1-PTIa8+q5ObCDyPkpodEs2oHCa2s=}

  picomatch@4.0.4:
    resolution: {integrity: sha1-/W9eAKFDCG4HTf/kySS4+yk7BYk=}
    engines: {node: '>=12'}

  postcss@8.4.31:
    resolution: {integrity: sha1-krRRBQqfkU2mdVrzUr3AGSUIZW0=}
    engines: {node: ^10 || ^12 || >=14}

  postcss@8.5.6:
    resolution: {integrity: sha1-KCUAZhWmGbT2Kp50JswSCzSajzw=}
    engines: {node: ^10 || ^12 || >=14}

  postgres@3.4.9:
    resolution: {integrity: sha1-jppJzssbDn1npgfzKlPtVLMFUnE=}
    engines: {node: '>=12'}

  react-dom@19.2.5:
    resolution: {integrity: sha1-uHaLEIN9C46cpbni1Y3/PYgOol4=}
    peerDependencies:
      react: ^19.2.5

  react@19.2.5:
    resolution: {integrity: sha1-yIiri47zPiWX+ui9std+29tChYs=}
    engines: {node: '>=0.10.0'}

  readdirp@4.1.2:
    resolution: {integrity: sha1-64WAFDX78qfuWPGeCSGwaPxplI0=}
    engines: {node: '>= 14.18.0'}

  resolve-pkg-maps@1.0.0:
    resolution: {integrity: sha1-YWs9wsVwVrVYjDHN9LPWTbEzcg8=}

  sass@1.97.3:
    resolution: {integrity: sha1-nLWTOVFPp+KuxZK5cAlTrG4zGrI=}
    engines: {node: '>=14.0.0'}
    hasBin: true

  scheduler@0.27.0:
    resolution: {integrity: sha1-DE74LWfR5cHjWej8dtOofwRf5b0=}

  semver@7.7.4:
    resolution: {integrity: sha1-KEZONgYOmR+noR0CedLT87V6foo=}
    engines: {node: '>=10'}
    hasBin: true

  sharp@0.34.5:
    resolution: {integrity: sha1-tvFI5LjGHxeXveEanRz+u64sV7A=}
    engines: {node: ^18.17.0 || ^20.3.0 || >=21.0.0}

  shell-quote@1.8.3:
    resolution: {integrity: sha1-VeQO8zz1xomQI1Oj2M0aZyXwi0s=}
    engines: {node: '>= 0.4'}

  source-map-js@1.2.1:
    resolution: {integrity: sha1-HOVlD93YerwJnto33P8CTCZnrkY=}
    engines: {node: '>=0.10.0'}

  source-map-support@0.5.21:
    resolution: {integrity: sha1-BP58f54e0tZiIzwoyys1ufY/bk8=}

  source-map@0.6.1:
    resolution: {integrity: sha1-dHIq8y6WFOnCh6jQu95IteLxomM=}
    engines: {node: '>=0.10.0'}

  styled-jsx@5.1.6:
    resolution: {integrity: sha1-g7kMB35saoD39eh4HQ8xGy/kFJk=}
    engines: {node: '>= 12.0.0'}
    peerDependencies:
      '@babel/core': '*'
      babel-plugin-macros: '*'
      react: '>= 16.8.0 || 17.x.x || ^18.0.0-0 || ^19.0.0-0'
    peerDependenciesMeta:
      '@babel/core':
        optional: true
      babel-plugin-macros:
        optional: true

  tailwindcss@4.2.4:
    resolution: {integrity: sha1-9+MJDtsi1WOU201o5kZNJijcKqk=}

  tapable@2.3.3:
    resolution: {integrity: sha1-XafJmSxGA4IhJnmFqyhCGoh58WA=}
    engines: {node: '>=6'}

  tslib@2.8.1:
    resolution: {integrity: sha1-YS7+TtI11Wfoq6Xypfq3AoCt6D8=}

  typescript@5.9.3:
    resolution: {integrity: sha1-W09Z4VMQqxeiFvXWz1PuR27eZw8=}
    engines: {node: '>=14.17'}
    hasBin: true

  undici-types@6.21.0:
    resolution: {integrity: sha1-aR0ArzkJvpOn+qE75hs6W1DvEss=}

  which@4.0.0:
    resolution: {integrity: sha1-zWC150UDo/vPv2zWtBOKi65kTBo=}
    engines: {node: ^16.13.0 || >=18.0.0}
    hasBin: true

snapshots:

  '@alloc/quick-lru@5.2.0': {}

  '@drizzle-team/brocli@0.10.2': {}

  '@emnapi/runtime@1.10.0':
    dependencies:
      tslib: 2.8.1
    optional: true

  '@esbuild-kit/core-utils@3.3.2':
    dependencies:
      esbuild: 0.18.20
      source-map-support: 0.5.21

  '@esbuild-kit/esm-loader@2.6.5':
    dependencies:
      '@esbuild-kit/core-utils': 3.3.2
      get-tsconfig: 4.14.0

  '@esbuild/aix-ppc64@0.19.12':
    optional: true

  '@esbuild/android-arm64@0.18.20':
    optional: true

  '@esbuild/android-arm64@0.19.12':
    optional: true

  '@esbuild/android-arm@0.18.20':
    optional: true

  '@esbuild/android-arm@0.19.12':
    optional: true

  '@esbuild/android-x64@0.18.20':
    optional: true

  '@esbuild/android-x64@0.19.12':
    optional: true

  '@esbuild/darwin-arm64@0.18.20':
    optional: true

  '@esbuild/darwin-arm64@0.19.12':
    optional: true

  '@esbuild/darwin-x64@0.18.20':
    optional: true

  '@esbuild/darwin-x64@0.19.12':
    optional: true

  '@esbuild/freebsd-arm64@0.18.20':
    optional: true

  '@esbuild/freebsd-arm64@0.19.12':
    optional: true

  '@esbuild/freebsd-x64@0.18.20':
    optional: true

  '@esbuild/freebsd-x64@0.19.12':
    optional: true

  '@esbuild/linux-arm64@0.18.20':
    optional: true

  '@esbuild/linux-arm64@0.19.12':
    optional: true

  '@esbuild/linux-arm@0.18.20':
    optional: true

  '@esbuild/linux-arm@0.19.12':
    optional: true

  '@esbuild/linux-ia32@0.18.20':
    optional: true

  '@esbuild/linux-ia32@0.19.12':
    optional: true

  '@esbuild/linux-loong64@0.18.20':
    optional: true

  '@esbuild/linux-loong64@0.19.12':
    optional: true

  '@esbuild/linux-mips64el@0.18.20':
    optional: true

  '@esbuild/linux-mips64el@0.19.12':
    optional: true

  '@esbuild/linux-ppc64@0.18.20':
    optional: true

  '@esbuild/linux-ppc64@0.19.12':
    optional: true

  '@esbuild/linux-riscv64@0.18.20':
    optional: true

  '@esbuild/linux-riscv64@0.19.12':
    optional: true

  '@esbuild/linux-s390x@0.18.20':
    optional: true

  '@esbuild/linux-s390x@0.19.12':
    optional: true

  '@esbuild/linux-x64@0.18.20':
    optional: true

  '@esbuild/linux-x64@0.19.12':
    optional: true

  '@esbuild/netbsd-x64@0.18.20':
    optional: true

  '@esbuild/netbsd-x64@0.19.12':
    optional: true

  '@esbuild/openbsd-x64@0.18.20':
    optional: true

  '@esbuild/openbsd-x64@0.19.12':
    optional: true

  '@esbuild/sunos-x64@0.18.20':
    optional: true

  '@esbuild/sunos-x64@0.19.12':
    optional: true

  '@esbuild/win32-arm64@0.18.20':
    optional: true

  '@esbuild/win32-arm64@0.19.12':
    optional: true

  '@esbuild/win32-ia32@0.18.20':
    optional: true

  '@esbuild/win32-ia32@0.19.12':
    optional: true

  '@esbuild/win32-x64@0.18.20':
    optional: true

  '@esbuild/win32-x64@0.19.12':
    optional: true

  '@img/colour@1.1.0':
    optional: true

  '@img/sharp-darwin-arm64@0.34.5':
    optionalDependencies:
      '@img/sharp-libvips-darwin-arm64': 1.2.4
    optional: true

  '@img/sharp-darwin-x64@0.34.5':
    optionalDependencies:
      '@img/sharp-libvips-darwin-x64': 1.2.4
    optional: true

  '@img/sharp-libvips-darwin-arm64@1.2.4':
    optional: true

  '@img/sharp-libvips-darwin-x64@1.2.4':
    optional: true

  '@img/sharp-libvips-linux-arm64@1.2.4':
    optional: true

  '@img/sharp-libvips-linux-arm@1.2.4':
    optional: true

  '@img/sharp-libvips-linux-ppc64@1.2.4':
    optional: true

  '@img/sharp-libvips-linux-riscv64@1.2.4':
    optional: true

  '@img/sharp-libvips-linux-s390x@1.2.4':
    optional: true

  '@img/sharp-libvips-linux-x64@1.2.4':
    optional: true

  '@img/sharp-libvips-linuxmusl-arm64@1.2.4':
    optional: true

  '@img/sharp-libvips-linuxmusl-x64@1.2.4':
    optional: true

  '@img/sharp-linux-arm64@0.34.5':
    optionalDependencies:
      '@img/sharp-libvips-linux-arm64': 1.2.4
    optional: true

  '@img/sharp-linux-arm@0.34.5':
    optionalDependencies:
      '@img/sharp-libvips-linux-arm': 1.2.4
    optional: true

  '@img/sharp-linux-ppc64@0.34.5':
    optionalDependencies:
      '@img/sharp-libvips-linux-ppc64': 1.2.4
    optional: true

  '@img/sharp-linux-riscv64@0.34.5':
    optionalDependencies:
      '@img/sharp-libvips-linux-riscv64': 1.2.4
    optional: true

  '@img/sharp-linux-s390x@0.34.5':
    optionalDependencies:
      '@img/sharp-libvips-linux-s390x': 1.2.4
    optional: true

  '@img/sharp-linux-x64@0.34.5':
    optionalDependencies:
      '@img/sharp-libvips-linux-x64': 1.2.4
    optional: true

  '@img/sharp-linuxmusl-arm64@0.34.5':
    optionalDependencies:
      '@img/sharp-libvips-linuxmusl-arm64': 1.2.4
    optional: true

  '@img/sharp-linuxmusl-x64@0.34.5':
    optionalDependencies:
      '@img/sharp-libvips-linuxmusl-x64': 1.2.4
    optional: true

  '@img/sharp-wasm32@0.34.5':
    dependencies:
      '@emnapi/runtime': 1.10.0
    optional: true

  '@img/sharp-win32-arm64@0.34.5':
    optional: true

  '@img/sharp-win32-ia32@0.34.5':
    optional: true

  '@img/sharp-win32-x64@0.34.5':
    optional: true

  '@jridgewell/gen-mapping@0.3.13':
    dependencies:
      '@jridgewell/sourcemap-codec': 1.5.5
      '@jridgewell/trace-mapping': 0.3.31

  '@jridgewell/remapping@2.3.5':
    dependencies:
      '@jridgewell/gen-mapping': 0.3.13
      '@jridgewell/trace-mapping': 0.3.31

  '@jridgewell/resolve-uri@3.1.2': {}

  '@jridgewell/sourcemap-codec@1.5.5': {}

  '@jridgewell/trace-mapping@0.3.31':
    dependencies:
      '@jridgewell/resolve-uri': 3.1.2
      '@jridgewell/sourcemap-codec': 1.5.5

  '@next/env@15.5.15': {}

  '@next/swc-darwin-arm64@15.5.15':
    optional: true

  '@next/swc-darwin-x64@15.5.15':
    optional: true

  '@next/swc-linux-arm64-gnu@15.5.15':
    optional: true

  '@next/swc-linux-arm64-musl@15.5.15':
    optional: true

  '@next/swc-linux-x64-gnu@15.5.15':
    optional: true

  '@next/swc-linux-x64-musl@15.5.15':
    optional: true

  '@next/swc-win32-arm64-msvc@15.5.15':
    optional: true

  '@next/swc-win32-x64-msvc@15.5.15':
    optional: true

  '@parcel/watcher-android-arm64@2.5.6':
    optional: true

  '@parcel/watcher-darwin-arm64@2.5.6':
    optional: true

  '@parcel/watcher-darwin-x64@2.5.6':
    optional: true

  '@parcel/watcher-freebsd-x64@2.5.6':
    optional: true

  '@parcel/watcher-linux-arm-glibc@2.5.6':
    optional: true

  '@parcel/watcher-linux-arm-musl@2.5.6':
    optional: true

  '@parcel/watcher-linux-arm64-glibc@2.5.6':
    optional: true

  '@parcel/watcher-linux-arm64-musl@2.5.6':
    optional: true

  '@parcel/watcher-linux-x64-glibc@2.5.6':
    optional: true

  '@parcel/watcher-linux-x64-musl@2.5.6':
    optional: true

  '@parcel/watcher-win32-arm64@2.5.6':
    optional: true

  '@parcel/watcher-win32-ia32@2.5.6':
    optional: true

  '@parcel/watcher-win32-x64@2.5.6':
    optional: true

  '@parcel/watcher@2.5.6':
    dependencies:
      detect-libc: 2.1.2
      is-glob: 4.0.3
      node-addon-api: 7.1.1
      picomatch: 4.0.4
    optionalDependencies:
      '@parcel/watcher-android-arm64': 2.5.6
      '@parcel/watcher-darwin-arm64': 2.5.6
      '@parcel/watcher-darwin-x64': 2.5.6
      '@parcel/watcher-freebsd-x64': 2.5.6
      '@parcel/watcher-linux-arm-glibc': 2.5.6
      '@parcel/watcher-linux-arm-musl': 2.5.6
      '@parcel/watcher-linux-arm64-glibc': 2.5.6
      '@parcel/watcher-linux-arm64-musl': 2.5.6
      '@parcel/watcher-linux-x64-glibc': 2.5.6
      '@parcel/watcher-linux-x64-musl': 2.5.6
      '@parcel/watcher-win32-arm64': 2.5.6
      '@parcel/watcher-win32-ia32': 2.5.6
      '@parcel/watcher-win32-x64': 2.5.6
    optional: true

  '@petamoriken/float16@3.9.3': {}

  '@swc/helpers@0.5.15':
    dependencies:
      tslib: 2.8.1

  '@tailwindcss/node@4.2.4':
    dependencies:
      '@jridgewell/remapping': 2.3.5
      enhanced-resolve: 5.21.0
      jiti: 2.6.1
      lightningcss: 1.32.0
      magic-string: 0.30.21
      source-map-js: 1.2.1
      tailwindcss: 4.2.4

  '@tailwindcss/oxide-android-arm64@4.2.4':
    optional: true

  '@tailwindcss/oxide-darwin-arm64@4.2.4':
    optional: true

  '@tailwindcss/oxide-darwin-x64@4.2.4':
    optional: true

  '@tailwindcss/oxide-freebsd-x64@4.2.4':
    optional: true

  '@tailwindcss/oxide-linux-arm-gnueabihf@4.2.4':
    optional: true

  '@tailwindcss/oxide-linux-arm64-gnu@4.2.4':
    optional: true

  '@tailwindcss/oxide-linux-arm64-musl@4.2.4':
    optional: true

  '@tailwindcss/oxide-linux-x64-gnu@4.2.4':
    optional: true

  '@tailwindcss/oxide-linux-x64-musl@4.2.4':
    optional: true

  '@tailwindcss/oxide-wasm32-wasi@4.2.4':
    optional: true

  '@tailwindcss/oxide-win32-arm64-msvc@4.2.4':
    optional: true

  '@tailwindcss/oxide-win32-x64-msvc@4.2.4':
    optional: true

  '@tailwindcss/oxide@4.2.4':
    optionalDependencies:
      '@tailwindcss/oxide-android-arm64': 4.2.4
      '@tailwindcss/oxide-darwin-arm64': 4.2.4
      '@tailwindcss/oxide-darwin-x64': 4.2.4
      '@tailwindcss/oxide-freebsd-x64': 4.2.4
      '@tailwindcss/oxide-linux-arm-gnueabihf': 4.2.4
      '@tailwindcss/oxide-linux-arm64-gnu': 4.2.4
      '@tailwindcss/oxide-linux-arm64-musl': 4.2.4
      '@tailwindcss/oxide-linux-x64-gnu': 4.2.4
      '@tailwindcss/oxide-linux-x64-musl': 4.2.4
      '@tailwindcss/oxide-wasm32-wasi': 4.2.4
      '@tailwindcss/oxide-win32-arm64-msvc': 4.2.4
      '@tailwindcss/oxide-win32-x64-msvc': 4.2.4

  '@tailwindcss/postcss@4.2.4':
    dependencies:
      '@alloc/quick-lru': 5.2.0
      '@tailwindcss/node': 4.2.4
      '@tailwindcss/oxide': 4.2.4
      postcss: 8.5.6
      tailwindcss: 4.2.4

  '@types/bcryptjs@2.4.6': {}

  '@types/node@22.19.17':
    dependencies:
      undici-types: 6.21.0

  '@types/react-dom@19.2.3(@types/react@19.2.14)':
    dependencies:
      '@types/react': 19.2.14

  '@types/react@19.2.14':
    dependencies:
      csstype: 3.2.3

  bcryptjs@2.4.3: {}

  buffer-from@1.1.2: {}

  caniuse-lite@1.0.30001791: {}

  chokidar@4.0.3:
    dependencies:
      readdirp: 4.1.2
    optional: true

  client-only@0.0.1: {}

  clsx@2.1.1: {}

  csstype@3.2.3: {}

  debug@4.4.3:
    dependencies:
      ms: 2.1.3

  detect-libc@2.1.2: {}

  drizzle-kit@0.30.6:
    dependencies:
      '@drizzle-team/brocli': 0.10.2
      '@esbuild-kit/esm-loader': 2.6.5
      esbuild: 0.19.12
      esbuild-register: 3.6.0(esbuild@0.19.12)
      gel: 2.2.0
    transitivePeerDependencies:
      - supports-color

  drizzle-orm@0.40.1(gel@2.2.0)(postgres@3.4.9):
    optionalDependencies:
      gel: 2.2.0
      postgres: 3.4.9

  enhanced-resolve@5.21.0:
    dependencies:
      graceful-fs: 4.2.11
      tapable: 2.3.3

  env-paths@3.0.0: {}

  esbuild-register@3.6.0(esbuild@0.19.12):
    dependencies:
      debug: 4.4.3
      esbuild: 0.19.12
    transitivePeerDependencies:
      - supports-color

  esbuild@0.18.20:
    optionalDependencies:
      '@esbuild/android-arm': 0.18.20
      '@esbuild/android-arm64': 0.18.20
      '@esbuild/android-x64': 0.18.20
      '@esbuild/darwin-arm64': 0.18.20
      '@esbuild/darwin-x64': 0.18.20
      '@esbuild/freebsd-arm64': 0.18.20
      '@esbuild/freebsd-x64': 0.18.20
      '@esbuild/linux-arm': 0.18.20
      '@esbuild/linux-arm64': 0.18.20
      '@esbuild/linux-ia32': 0.18.20
      '@esbuild/linux-loong64': 0.18.20
      '@esbuild/linux-mips64el': 0.18.20
      '@esbuild/linux-ppc64': 0.18.20
      '@esbuild/linux-riscv64': 0.18.20
      '@esbuild/linux-s390x': 0.18.20
      '@esbuild/linux-x64': 0.18.20
      '@esbuild/netbsd-x64': 0.18.20
      '@esbuild/openbsd-x64': 0.18.20
      '@esbuild/sunos-x64': 0.18.20
      '@esbuild/win32-arm64': 0.18.20
      '@esbuild/win32-ia32': 0.18.20
      '@esbuild/win32-x64': 0.18.20

  esbuild@0.19.12:
    optionalDependencies:
      '@esbuild/aix-ppc64': 0.19.12
      '@esbuild/android-arm': 0.19.12
      '@esbuild/android-arm64': 0.19.12
      '@esbuild/android-x64': 0.19.12
      '@esbuild/darwin-arm64': 0.19.12
      '@esbuild/darwin-x64': 0.19.12
      '@esbuild/freebsd-arm64': 0.19.12
      '@esbuild/freebsd-x64': 0.19.12
      '@esbuild/linux-arm': 0.19.12
      '@esbuild/linux-arm64': 0.19.12
      '@esbuild/linux-ia32': 0.19.12
      '@esbuild/linux-loong64': 0.19.12
      '@esbuild/linux-mips64el': 0.19.12
      '@esbuild/linux-ppc64': 0.19.12
      '@esbuild/linux-riscv64': 0.19.12
      '@esbuild/linux-s390x': 0.19.12
      '@esbuild/linux-x64': 0.19.12
      '@esbuild/netbsd-x64': 0.19.12
      '@esbuild/openbsd-x64': 0.19.12
      '@esbuild/sunos-x64': 0.19.12
      '@esbuild/win32-arm64': 0.19.12
      '@esbuild/win32-ia32': 0.19.12
      '@esbuild/win32-x64': 0.19.12

  gel@2.2.0:
    dependencies:
      '@petamoriken/float16': 3.9.3
      debug: 4.4.3
      env-paths: 3.0.0
      semver: 7.7.4
      shell-quote: 1.8.3
      which: 4.0.0
    transitivePeerDependencies:
      - supports-color

  get-tsconfig@4.14.0:
    dependencies:
      resolve-pkg-maps: 1.0.0

  graceful-fs@4.2.11: {}

  immutable@5.1.5:
    optional: true

  is-extglob@2.1.1:
    optional: true

  is-glob@4.0.3:
    dependencies:
      is-extglob: 2.1.1
    optional: true

  isexe@3.1.5: {}

  jiti@2.6.1: {}

  jose@5.10.0: {}

  lightningcss-android-arm64@1.32.0:
    optional: true

  lightningcss-darwin-arm64@1.32.0:
    optional: true

  lightningcss-darwin-x64@1.32.0:
    optional: true

  lightningcss-freebsd-x64@1.32.0:
    optional: true

  lightningcss-linux-arm-gnueabihf@1.32.0:
    optional: true

  lightningcss-linux-arm64-gnu@1.32.0:
    optional: true

  lightningcss-linux-arm64-musl@1.32.0:
    optional: true

  lightningcss-linux-x64-gnu@1.32.0:
    optional: true

  lightningcss-linux-x64-musl@1.32.0:
    optional: true

  lightningcss-win32-arm64-msvc@1.32.0:
    optional: true

  lightningcss-win32-x64-msvc@1.32.0:
    optional: true

  lightningcss@1.32.0:
    dependencies:
      detect-libc: 2.1.2
    optionalDependencies:
      lightningcss-android-arm64: 1.32.0
      lightningcss-darwin-arm64: 1.32.0
      lightningcss-darwin-x64: 1.32.0
      lightningcss-freebsd-x64: 1.32.0
      lightningcss-linux-arm-gnueabihf: 1.32.0
      lightningcss-linux-arm64-gnu: 1.32.0
      lightningcss-linux-arm64-musl: 1.32.0
      lightningcss-linux-x64-gnu: 1.32.0
      lightningcss-linux-x64-musl: 1.32.0
      lightningcss-win32-arm64-msvc: 1.32.0
      lightningcss-win32-x64-msvc: 1.32.0

  magic-string@0.30.21:
    dependencies:
      '@jridgewell/sourcemap-codec': 1.5.5

  ms@2.1.3: {}

  nanoid@3.3.11: {}

  next@15.5.15(react-dom@19.2.5(react@19.2.5))(react@19.2.5)(sass@1.97.3):
    dependencies:
      '@next/env': 15.5.15
      '@swc/helpers': 0.5.15
      caniuse-lite: 1.0.30001791
      postcss: 8.4.31
      react: 19.2.5
      react-dom: 19.2.5(react@19.2.5)
      styled-jsx: 5.1.6(react@19.2.5)
    optionalDependencies:
      '@next/swc-darwin-arm64': 15.5.15
      '@next/swc-darwin-x64': 15.5.15
      '@next/swc-linux-arm64-gnu': 15.5.15
      '@next/swc-linux-arm64-musl': 15.5.15
      '@next/swc-linux-x64-gnu': 15.5.15
      '@next/swc-linux-x64-musl': 15.5.15
      '@next/swc-win32-arm64-msvc': 15.5.15
      '@next/swc-win32-x64-msvc': 15.5.15
      sass: 1.97.3
      sharp: 0.34.5
    transitivePeerDependencies:
      - '@babel/core'
      - babel-plugin-macros

  node-addon-api@7.1.1:
    optional: true

  picocolors@1.1.1: {}

  picomatch@4.0.4:
    optional: true

  postcss@8.4.31:
    dependencies:
      nanoid: 3.3.11
      picocolors: 1.1.1
      source-map-js: 1.2.1

  postcss@8.5.6:
    dependencies:
      nanoid: 3.3.11
      picocolors: 1.1.1
      source-map-js: 1.2.1

  postgres@3.4.9: {}

  react-dom@19.2.5(react@19.2.5):
    dependencies:
      react: 19.2.5
      scheduler: 0.27.0

  react@19.2.5: {}

  readdirp@4.1.2:
    optional: true

  resolve-pkg-maps@1.0.0: {}

  sass@1.97.3:
    dependencies:
      chokidar: 4.0.3
      immutable: 5.1.5
      source-map-js: 1.2.1
    optionalDependencies:
      '@parcel/watcher': 2.5.6
    optional: true

  scheduler@0.27.0: {}

  semver@7.7.4: {}

  sharp@0.34.5:
    dependencies:
      '@img/colour': 1.1.0
      detect-libc: 2.1.2
      semver: 7.7.4
    optionalDependencies:
      '@img/sharp-darwin-arm64': 0.34.5
      '@img/sharp-darwin-x64': 0.34.5
      '@img/sharp-libvips-darwin-arm64': 1.2.4
      '@img/sharp-libvips-darwin-x64': 1.2.4
      '@img/sharp-libvips-linux-arm': 1.2.4
      '@img/sharp-libvips-linux-arm64': 1.2.4
      '@img/sharp-libvips-linux-ppc64': 1.2.4
      '@img/sharp-libvips-linux-riscv64': 1.2.4
      '@img/sharp-libvips-linux-s390x': 1.2.4
      '@img/sharp-libvips-linux-x64': 1.2.4
      '@img/sharp-libvips-linuxmusl-arm64': 1.2.4
      '@img/sharp-libvips-linuxmusl-x64': 1.2.4
      '@img/sharp-linux-arm': 0.34.5
      '@img/sharp-linux-arm64': 0.34.5
      '@img/sharp-linux-ppc64': 0.34.5
      '@img/sharp-linux-riscv64': 0.34.5
      '@img/sharp-linux-s390x': 0.34.5
      '@img/sharp-linux-x64': 0.34.5
      '@img/sharp-linuxmusl-arm64': 0.34.5
      '@img/sharp-linuxmusl-x64': 0.34.5
      '@img/sharp-wasm32': 0.34.5
      '@img/sharp-win32-arm64': 0.34.5
      '@img/sharp-win32-ia32': 0.34.5
      '@img/sharp-win32-x64': 0.34.5
    optional: true

  shell-quote@1.8.3: {}

  source-map-js@1.2.1: {}

  source-map-support@0.5.21:
    dependencies:
      buffer-from: 1.1.2
      source-map: 0.6.1

  source-map@0.6.1: {}

  styled-jsx@5.1.6(react@19.2.5):
    dependencies:
      client-only: 0.0.1
      react: 19.2.5

  tailwindcss@4.2.4: {}

  tapable@2.3.3: {}

  tslib@2.8.1: {}

  typescript@5.9.3: {}

  undici-types@6.21.0: {}

  which@4.0.0:
    dependencies:
      isexe: 3.1.5
